// !$*UTF8*$!
{
	archiveVersion = 1;
	classes = {
	};
	objectVersion = 48;
	objects = {

/* Begin PBXBuildFile section */
		07206E8720818EC9005036B4 /* Thought.swift in Sources */ = {isa = PBXBuildFile; fileRef = 07206E8620818EC9005036B4 /* Thought.swift */; };
		073245C3207DD02000703096 /* AddThoughVC.swift in Sources */ = {isa = PBXBuildFile; fileRef = 073245C2207DD02000703096 /* AddThoughVC.swift */; };
		076D8814207C5DF000996E57 /* AppDelegate.swift in Sources */ = {isa = PBXBuildFile; fileRef = 076D8813207C5DF000996E57 /* AppDelegate.swift */; };
		076D8816207C5DF000996E57 /* MainVC.swift in Sources */ = {isa = PBXBuildFile; fileRef = 076D8815207C5DF000996E57 /* MainVC.swift */; };
		076D8819207C5DF000996E57 /* Main.storyboard in Resources */ = {isa = PBXBuildFile; fileRef = 076D8817207C5DF000996E57 /* Main.storyboard */; };
		076D881B207C5DF000996E57 /* Assets.xcassets in Resources */ = {isa = PBXBuildFile; fileRef = 076D881A207C5DF000996E57 /* Assets.xcassets */; };
		076D881E207C5DF000996E57 /* LaunchScreen.storyboard in Resources */ = {isa = PBXBuildFile; fileRef = 076D881C207C5DF000996E57 /* LaunchScreen.storyboard */; };
		077C0B0A20904AFA008C3482 /* ThoughtCell.swift in Sources */ = {isa = PBXBuildFile; fileRef = 077C0B0920904AFA008C3482 /* ThoughtCell.swift */; };
		079FA3B8207C60B100F17EB9 /* GoogleService-Info.plist in Resources */ = {isa = PBXBuildFile; fileRef = 079FA3B7207C60B100F17EB9 /* GoogleService-Info.plist */; };
		43C4C927274EEA2C1C953EC8 /* Pods_MyFirestore.framework in Frameworks */ = {isa = PBXBuildFile; fileRef = C63A35EF2BBA4E52374C4CCD /* Pods_MyFirestore.framework */; };
/* End PBXBuildFile section */

/* Begin PBXFileReference section */
		07206E8620818EC9005036B4 /* Thought.swift */ = {isa = PBXFileReference; lastKnownFileType = sourcecode.swift; path = Thought.swift; sourceTree = "<group>"; };
		073245C2207DD02000703096 /* AddThoughVC.swift */ = {isa = PBXFileReference; lastKnownFileType = sourcecode.swift; path = AddThoughVC.swift; sourceTree = "<group>"; };
		076D8810207C5DF000996E57 /* MyFirestore.app */ = {isa = PBXFileReference; explicitFileType = wrapper.application; includeInIndex = 0; path = MyFirestore.app; sourceTree = BUILT_PRODUCTS_DIR; };
		076D8813207C5DF000996E57 /* AppDelegate.swift */ = {isa = PBXFileReference; lastKnownFileType = sourcecode.swift; path = AppDelegate.swift; sourceTree = "<group>"; };
		076D8815207C5DF000996E57 /* MainVC.swift */ = {isa = PBXFileReference; lastKnownFileType = sourcecode.swift; path = MainVC.swift; sourceTree = "<group>"; };
		076D8818207C5DF000996E57 /* Base */ = {isa = PBXFileReference; lastKnownFileType = file.storyboard; name = Base; path = Base.lproj/Main.storyboard; sourceTree = "<group>"; };
		076D881A207C5DF000996E57 /* Assets.xcassets */ = {isa = PBXFileReference; lastKnownFileType = folder.assetcatalog; path = Assets.xcassets; sourceTree = "<group>"; };
		076D881D207C5DF000996E57 /* Base */ = {isa = PBXFileReference; lastKnownFileType = file.storyboard; name = Base; path = Base.lproj/LaunchScreen.storyboard; sourceTree = "<group>"; };
		076D881F207C5DF000996E57 /* Info.plist */ = {isa = PBXFileReference; lastKnownFileType = text.plist.xml; path = Info.plist; sourceTree = "<group>"; };
		077C0B0920904AFA008C3482 /* ThoughtCell.swift */ = {isa = PBXFileReference; lastKnownFileType = sourcecode.swift; path = ThoughtCell.swift; sourceTree = "<group>"; };
		079FA3B7207C60B100F17EB9 /* GoogleService-Info.plist */ = {isa = PBXFileReference; fileEncoding = 4; lastKnownFileType = text.plist.xml; path = "GoogleService-Info.plist"; sourceTree = "<group>"; };
		296A7783880A043B3C372382 /* Pods-MyFirestore.release.xcconfig */ = {isa = PBXFileReference; includeInIndex = 1; lastKnownFileType = text.xcconfig; name = "Pods-MyFirestore.release.xcconfig"; path = "Pods/Target Support Files/Pods-MyFirestore/Pods-MyFirestore.release.xcconfig"; sourceTree = "<group>"; };
		48EAA56F40DA4672E9E3E15B /* Pods-MyFirestore.debug.xcconfig */ = {isa = PBXFileReference; includeInIndex = 1; lastKnownFileType = text.xcconfig; name = "Pods-MyFirestore.debug.xcconfig"; path = "Pods/Target Support Files/Pods-MyFirestore/Pods-MyFirestore.debug.xcconfig"; sourceTree = "<group>"; };
		C63A35EF2BBA4E52374C4CCD /* Pods_MyFirestore.framework */ = {isa = PBXFileReference; explicitFileType = wrapper.framework; includeInIndex = 0; path = Pods_MyFirestore.framework; sourceTree = BUILT_PRODUCTS_DIR; };
/* End PBXFileReference section */

/* Begin PBXFrameworksBuildPhase section */
		076D880D207C5DF000996E57 /* Frameworks */ = {
			isa = PBXFrameworksBuildPhase;
			buildActionMask = 2147483647;
			files = (
				43C4C927274EEA2C1C953EC8 /* Pods_MyFirestore.framework in Frameworks */,
			);
			runOnlyForDeploymentPostprocessing = 0;
		};
/* End PBXFrameworksBuildPhase section */

/* Begin PBXGroup section */
		073245C4207DD03800703096 /* Controller */ = {
			isa = PBXGroup;
			children = (
				076D8815207C5DF000996E57 /* MainVC.swift */,
				073245C2207DD02000703096 /* AddThoughVC.swift */,
			);
			path = Controller;
			sourceTree = "<group>";
		};
		073245C5207DD04300703096 /* View */ = {
			isa = PBXGroup;
			children = (
				077C0B0920904AFA008C3482 /* ThoughtCell.swift */,
			);
			path = View;
			sourceTree = "<group>";
		};
		073245C6207DD04900703096 /* Model */ = {
			isa = PBXGroup;
			children = (
				07206E8620818EC9005036B4 /* Thought.swift */,
			);
			path = Model;
			sourceTree = "<group>";
		};
		076D8807207C5DF000996E57 = {
			isa = PBXGroup;
			children = (
				076D8812207C5DF000996E57 /* MyFirestore */,
				076D8811207C5DF000996E57 /* Products */,
				38FD1725E451FCFA42FA36B6 /* Pods */,
				49BA67FDF1946A4B2CD416D1 /* Frameworks */,
			);
			sourceTree = "<group>";
		};
		076D8811207C5DF000996E57 /* Products */ = {
			isa = PBXGroup;
			children = (
				076D8810207C5DF000996E57 /* MyFirestore.app */,
			);
			name = Products;
			sourceTree = "<group>";
		};
		076D8812207C5DF000996E57 /* MyFirestore */ = {
			isa = PBXGroup;
			children = (
				073245C6207DD04900703096 /* Model */,
				073245C5207DD04300703096 /* View */,
				073245C4207DD03800703096 /* Controller */,
				076D8813207C5DF000996E57 /* AppDelegate.swift */,
				076D8817207C5DF000996E57 /* Main.storyboard */,
				076D881A207C5DF000996E57 /* Assets.xcassets */,
				076D881C207C5DF000996E57 /* LaunchScreen.storyboard */,
				076D881F207C5DF000996E57 /* Info.plist */,
				079FA3B7207C60B100F17EB9 /* GoogleService-Info.plist */,
			);
			path = MyFirestore;
			sourceTree = "<group>";
		};
		38FD1725E451FCFA42FA36B6 /* Pods */ = {
			isa = PBXGroup;
			children = (
				48EAA56F40DA4672E9E3E15B /* Pods-MyFirestore.debug.xcconfig */,
				296A7783880A043B3C372382 /* Pods-MyFirestore.release.xcconfig */,
			);
			name = Pods;
			sourceTree = "<group>";
		};
		49BA67FDF1946A4B2CD416D1 /* Frameworks */ = {
			isa = PBXGroup;
			children = (
				C63A35EF2BBA4E52374C4CCD /* Pods_MyFirestore.framework */,
			);
			name = Frameworks;
			sourceTree = "<group>";
		};
/* End PBXGroup section */

/* Begin PBXNativeTarget section */
		076D880F207C5DF000996E57 /* MyFirestore */ = {
			isa = PBXNativeTarget;
			buildConfigurationList = 076D8822207C5DF000996E57 /* Build configuration list for PBXNativeTarget "MyFirestore" */;
			buildPhases = (
				63068CA14A50D9EF036C4088 /* [CP] Check Pods Manifest.lock */,
				076D880C207C5DF000996E57 /* Sources */,
				076D880D207C5DF000996E57 /* Frameworks */,
				076D880E207C5DF000996E57 /* Resources */,
				983293D3A9A8425CAF5C7F9F /* [CP] Embed Pods Frameworks */,
				A02C19C0671EFE26AE136063 /* [CP] Copy Pods Resources */,
			);
			buildRules = (
			);
			dependencies = (
			);
			name = MyFirestore;
			productName = MyFirestore;
			productReference = 076D8810207C5DF000996E57 /* MyFirestore.app */;
			productType = "com.apple.product-type.application";
		};
/* End PBXNativeTarget section */

/* Begin PBXProject section */
		076D8808207C5DF000996E57 /* Project object */ = {
			isa = PBXProject;
			attributes = {
				LastSwiftUpdateCheck = 0920;
				LastUpgradeCheck = 0920;
				ORGANIZATIONNAME = "Patel, Vandan (ETW - FLEX)";
				TargetAttributes = {
					076D880F207C5DF000996E57 = {
						CreatedOnToolsVersion = 9.2;
						ProvisioningStyle = Automatic;
					};
				};
			};
			buildConfigurationList = 076D880B207C5DF000996E57 /* Build configuration list for PBXProject "MyFirestore" */;
			compatibilityVersion = "Xcode 8.0";
			developmentRegion = en;
			hasScannedForEncodings = 0;
			knownRegions = (
				en,
				Base,
			);
			mainGroup = 076D8807207C5DF000996E57;
			productRefGroup = 076D8811207C5DF000996E57 /* Products */;
			projectDirPath = "";
			projectRoot = "";
			targets = (
				076D880F207C5DF000996E57 /* MyFirestore */,
			);
		};
/* End PBXProject section */

/* Begin PBXResourcesBuildPhase section */
		076D880E207C5DF000996E57 /* Resources */ = {
			isa = PBXResourcesBuildPhase;
			buildActionMask = 2147483647;
			files = (
				076D881E207C5DF000996E57 /* LaunchScreen.storyboard in Resources */,
				079FA3B8207C60B100F17EB9 /* GoogleService-Info.plist in Resources */,
				076D881B207C5DF000996E57 /* Assets.xcassets in Resources */,
				076D8819207C5DF000996E57 /* Main.storyboard in Resources */,
			);
			runOnlyForDeploymentPostprocessing = 0;
		};
/* End PBXResourcesBuildPhase section */

/* Begin PBXShellScriptBuildPhase section */
		63068CA14A50D9EF036C4088 /* [CP] Check Pods Manifest.lock */ = {
			isa = PBXShellScriptBuildPhase;
			buildActionMask = 2147483647;
			files = (
			);
			inputPaths = (
				"${PODS_PODFILE_DIR_PATH}/Podfile.lock",
				"${PODS_ROOT}/Manifest.lock",
			);
			name = "[CP] Check Pods Manifest.lock";
			outputPaths = (
				"$(DERIVED_FILE_DIR)/Pods-MyFirestore-checkManifestLockResult.txt",
			);
			runOnlyForDeploymentPostprocessing = 0;
			shellPath = /bin/sh;
			shellScript = "diff \"${PODS_PODFILE_DIR_PATH}/Podfile.lock\" \"${PODS_ROOT}/Manifest.lock\" > /dev/null\nif [ $? != 0 ] ; then\n    # print error to STDERR\n    echo \"error: The sandbox is not in sync with the Podfile.lock. Run 'pod install' or update your CocoaPods installation.\" >&2\n    exit 1\nfi\n# This output is used by Xcode 'outputs' to avoid re-running this script phase.\necho \"SUCCESS\" > \"${SCRIPT_OUTPUT_FILE_0}\"\n";
			showEnvVarsInLog = 0;
		};
		983293D3A9A8425CAF5C7F9F /* [CP] Embed Pods Frameworks */ = {
			isa = PBXShellScriptBuildPhase;
			buildActionMask = 2147483647;
			files = (
			);
			inputPaths = (
				"${SRCROOT}/Pods/Target Support Files/Pods-MyFirestore/Pods-MyFirestore-frameworks.sh",
				"${BUILT_PRODUCTS_DIR}/BoringSSL/openssl.framework",
				"${BUILT_PRODUCTS_DIR}/GoogleToolboxForMac/GoogleToolboxForMac.framework",
				"${BUILT_PRODUCTS_DIR}/Protobuf/Protobuf.framework",
				"${BUILT_PRODUCTS_DIR}/gRPC/GRPCClient.framework",
				"${BUILT_PRODUCTS_DIR}/gRPC-Core/grpc.framework",
				"${BUILT_PRODUCTS_DIR}/gRPC-ProtoRPC/ProtoRPC.framework",
				"${BUILT_PRODUCTS_DIR}/gRPC-RxLibrary/RxLibrary.framework",
				"${BUILT_PRODUCTS_DIR}/leveldb-library/leveldb.framework",
				"${BUILT_PRODUCTS_DIR}/nanopb/nanopb.framework",
			);
			name = "[CP] Embed Pods Frameworks";
			outputPaths = (
				"${TARGET_BUILD_DIR}/${FRAMEWORKS_FOLDER_PATH}/openssl.framework",
				"${TARGET_BUILD_DIR}/${FRAMEWORKS_FOLDER_PATH}/GoogleToolboxForMac.framework",
				"${TARGET_BUILD_DIR}/${FRAMEWORKS_FOLDER_PATH}/Protobuf.framework",
				"${TARGET_BUILD_DIR}/${FRAMEWORKS_FOLDER_PATH}/GRPCClient.framework",
				"${TARGET_BUILD_DIR}/${FRAMEWORKS_FOLDER_PATH}/grpc.framework",
				"${TARGET_BUILD_DIR}/${FRAMEWORKS_FOLDER_PATH}/ProtoRPC.framework",
				"${TARGET_BUILD_DIR}/${FRAMEWORKS_FOLDER_PATH}/RxLibrary.framework",
				"${TARGET_BUILD_DIR}/${FRAMEWORKS_FOLDER_PATH}/leveldb.framework",
				"${TARGET_BUILD_DIR}/${FRAMEWORKS_FOLDER_PATH}/nanopb.framework",
			);
			runOnlyForDeploymentPostprocessing = 0;
			shellPath = /bin/sh;
			shellScript = "\"${SRCROOT}/Pods/Target Support Files/Pods-MyFirestore/Pods-MyFirestore-frameworks.sh\"\n";
			showEnvVarsInLog = 0;
		};
		A02C19C0671EFE26AE136063 /* [CP] Copy Pods Resources */ = {
			isa = PBXShellScriptBuildPhase;
			buildActionMask = 2147483647;
			files = (
			);
			inputPaths = (
			);
			name = "[CP] Copy Pods Resources";
			outputPaths = (
			);
			runOnlyForDeploymentPostprocessing = 0;
			shellPath = /bin/sh;
			shellScript = "\"${SRCROOT}/Pods/Target Support Files/Pods-MyFirestore/Pods-MyFirestore-resources.sh\"\n";
			showEnvVarsInLog = 0;
		};
/* End PBXShellScriptBuildPhase section */

/* Begin PBXSourcesBuildPhase section */
		076D880C207C5DF000996E57 /* Sources */ = {
			isa = PBXSourcesBuildPhase;
			buildActionMask = 2147483647;
			files = (
				077C0B0A20904AFA008C3482 /* ThoughtCell.swift in Sources */,
				076D8816207C5DF000996E57 /* MainVC.swift in Sources */,
				076D8814207C5DF000996E57 /* AppDelegate.swift in Sources */,
				073245C3207DD02000703096 /* AddThoughVC.swift in Sources */,
				07206E8720818EC9005036B4 /* Thought.swift in Sources */,
			);
			runOnlyForDeploymentPostprocessing = 0;
		};
/* End PBXSourcesBuildPhase section */

/* Begin PBXVariantGroup section */
		076D8817207C5DF000996E57 /* Main.storyboard */ = {
			isa = PBXVariantGroup;
			children = (
				076D8818207C5DF000996E57 /* Base */,
			);
			name = Main.storyboard;
			sourceTree = "<group>";
		};
		076D881C207C5DF000996E57 /* LaunchScreen.storyboard */ = {
			isa = PBXVariantGroup;
			children = (
				076D881D207C5DF000996E57 /* Base */,
			);
			name = LaunchScreen.storyboard;
			sourceTree = "<group>";
		};
/* End PBXVariantGroup section */

/* Begin XCBuildConfiguration section */
		076D8820207C5DF000996E57 /* Debug */ = {
			isa = XCBuildConfiguration;
			buildSettings = {
				ALWAYS_SEARCH_USER_PATHS = NO;
				CLANG_ANALYZER_NONNULL = YES;
				CLANG_ANALYZER_NUMBER_OBJECT_CONVERSION = YES_AGGRESSIVE;
				CLANG_CXX_LANGUAGE_STANDARD = "gnu++14";
				CLANG_CXX_LIBRARY = "libc++";
				CLANG_ENABLE_MODULES = YES;
				CLANG_ENABLE_OBJC_ARC = YES;
				CLANG_WARN_BLOCK_CAPTURE_AUTORELEASING = YES;
				CLANG_WARN_BOOL_CONVERSION = YES;
				CLANG_WARN_COMMA = YES;
				CLANG_WARN_CONSTANT_CONVERSION = YES;
				CLANG_WARN_DIRECT_OBJC_ISA_USAGE = YES_ERROR;
				CLANG_WARN_DOCUMENTATION_COMMENTS = YES;
				CLANG_WARN_EMPTY_BODY = YES;
				CLANG_WARN_ENUM_CONVERSION = YES;
				CLANG_WARN_INFINITE_RECURSION = YES;
				CLANG_WARN_INT_CONVERSION = YES;
				CLANG_WARN_NON_LITERAL_NULL_CONVERSION = YES;
				CLANG_WARN_OBJC_LITERAL_CONVERSION = YES;
				CLANG_WARN_OBJC_ROOT_CLASS = YES_ERROR;
				CLANG_WARN_RANGE_LOOP_ANALYSIS = YES;
				CLANG_WARN_STRICT_PROTOTYPES = YES;
				CLANG_WARN_SUSPICIOUS_MOVE = YES;
				CLANG_WARN_UNGUARDED_AVAILABILITY = YES_AGGRESSIVE;
				CLANG_WARN_UNREACHABLE_CODE = YES;
				CLANG_WARN__DUPLICATE_METHOD_MATCH = YES;
				CODE_SIGN_IDENTITY = "iPhone Developer";
				COPY_PHASE_STRIP = NO;
				DEBUG_INFORMATION_FORMAT = dwarf;
				ENABLE_STRICT_OBJC_MSGSEND = YES;
				ENABLE_TESTABILITY = YES;
				GCC_C_LANGUAGE_STANDARD = gnu11;
				GCC_DYNAMIC_NO_PIC = NO;
				GCC_NO_COMMON_BLOCKS = YES;
				GCC_OPTIMIZATION_LEVEL = 0;
				GCC_PREPROCESSOR_DEFINITIONS = (
					"DEBUG=1",
					"$(inherited)",
				);
				GCC_WARN_64_TO_32_BIT_CONVERSION = YES;
				GCC_WARN_ABOUT_RETURN_TYPE = YES_ERROR;
				GCC_WARN_UNDECLARED_SELECTOR = YES;
				GCC_WARN_UNINITIALIZED_AUTOS = YES_AGGRESSIVE;
				GCC_WARN_UNUSED_FUNCTION = YES;
				GCC_WARN_UNUSED_VARIABLE = YES;
				IPHONEOS_DEPLOYMENT_TARGET = 11.2;
				MTL_ENABLE_DEBUG_INFO = YES;
				ONLY_ACTIVE_ARCH = YES;
				SDKROOT = iphoneos;
				SWIFT_ACTIVE_COMPILATION_CONDITIONS = DEBUG;
				SWIFT_OPTIMIZATION_LEVEL = "-Onone";
			};
			name = Debug;
		};
		076D8821207C5DF000996E57 /* Release */ = {
			isa = XCBuildConfiguration;
			buildSettings = {
				ALWAYS_SEARCH_USER_PATHS = NO;
				CLANG_ANALYZER_NONNULL = YES;
				CLANG_ANALYZER_NUMBER_OBJECT_CONVERSION = YES_AGGRESSIVE;
				CLANG_CXX_LANGUAGE_STANDARD = "gnu++14";
				CLANG_CXX_LIBRARY = "libc++";
				CLANG_ENABLE_MODULES = YES;
				CLANG_ENABLE_OBJC_ARC = YES;
				CLANG_WARN_BLOCK_CAPTURE_AUTORELEASING = YES;
				CLANG_WARN_BOOL_CONVERSION = YES;
				CLANG_WARN_COMMA = YES;
				CLANG_WARN_CONSTANT_CONVERSION = YES;
				CLANG_WARN_DIRECT_OBJC_ISA_USAGE = YES_ERROR;
				CLANG_WARN_DOCUMENTATION_COMMENTS = YES;
				CLANG_WARN_EMPTY_BODY = YES;
				CLANG_WARN_ENUM_CONVERSION = YES;
				CLANG_WARN_INFINITE_RECURSION = YES;
				CLANG_WARN_INT_CONVERSION = YES;
				CLANG_WARN_NON_LITERAL_NULL_CONVERSION = YES;
				CLANG_WARN_OBJC_LITERAL_CONVERSION = YES;
				CLANG_WARN_OBJC_ROOT_CLASS = YES_ERROR;
				CLANG_WARN_RANGE_LOOP_ANALYSIS = YES;
				CLANG_WARN_STRICT_PROTOTYPES = YES;
				CLANG_WARN_SUSPICIOUS_MOVE = YES;
				CLANG_WARN_UNGUARDED_AVAILABILITY = YES_AGGRESSIVE;
				CLANG_WARN_UNREACHABLE_CODE = YES;
				CLANG_WARN__DUPLICATE_METHOD_MATCH = YES;
				CODE_SIGN_IDENTITY = "iPhone Developer";
				COPY_PHASE_STRIP = NO;
				DEBUG_INFORMATION_FORMAT = "dwarf-with-dsym";
				ENABLE_NS_ASSERTIONS = NO;
				ENABLE_STRICT_OBJC_MSGSEND = YES;
				GCC_C_LANGUAGE_STANDARD = gnu11;
				GCC_NO_COMMON_BLOCKS = YES;
				GCC_WARN_64_TO_32_BIT_CONVERSION = YES;
				GCC_WARN_ABOUT_RETURN_TYPE = YES_ERROR;
				GCC_WARN_UNDECLARED_SELECTOR = YES;
				GCC_WARN_UNINITIALIZED_AUTOS = YES_AGGRESSIVE;
				GCC_WARN_UNUSED_FUNCTION = YES;
				GCC_WARN_UNUSED_VARIABLE = YES;
				IPHONEOS_DEPLOYMENT_TARGET = 11.2;
				MTL_ENABLE_DEBUG_INFO = NO;
				SDKROOT = iphoneos;
				SWIFT_OPTIMIZATION_LEVEL = "-Owholemodule";
				VALIDATE_PRODUCT = YES;
			};
			name = Release;
		};
		076D8823207C5DF000996E57 /* Debug */ = {
			isa = XCBuildConfiguration;
			baseConfigurationReference = 48EAA56F40DA4672E9E3E15B /* Pods-MyFirestore.debug.xcconfig */;
			buildSettings = {
				ASSETCATALOG_COMPILER_APPICON_NAME = AppIcon;
				CODE_SIGN_STYLE = Automatic;
				INFOPLIST_FILE = MyFirestore/Info.plist;
				LD_RUNPATH_SEARCH_PATHS = "$(inherited) @executable_path/Frameworks";
				PRODUCT_BUNDLE_IDENTIFIER = com.vandanpatel.MyFirestore;
				PRODUCT_NAME = "$(TARGET_NAME)";
				SWIFT_VERSION = 4.0;
				TARGETED_DEVICE_FAMILY = 1;
			};
			name = Debug;
		};
		076D8824207C5DF000996E57 /* Release */ = {
			isa = XCBuildConfiguration;
			baseConfigurationReference = 296A7783880A043B3C372382 /* Pods-MyFirestore.release.xcconfig */;
			buildSettings = {
				ASSETCATALOG_COMPILER_APPICON_NAME = AppIcon;
				CODE_SIGN_STYLE = Automatic;
				INFOPLIST_FILE = MyFirestore/Info.plist;
				LD_RUNPATH_SEARCH_PATHS = "$(inherited) @executable_path/Frameworks";
				PRODUCT_BUNDLE_IDENTIFIER = com.vandanpatel.MyFirestore;
				PRODUCT_NAME = "$(TARGET_NAME)";
				SWIFT_VERSION = 4.0;
				TARGETED_DEVICE_FAMILY = 1;
			};
			name = Release;
		};
/* End XCBuildConfiguration section */

/* Begin XCConfigurationList section */
		076D880B207C5DF000996E57 /* Build configuration list for PBXProject "MyFirestore" */ = {
			isa = XCConfigurationList;
			buildConfigurations = (
				076D8820207C5DF000996E57 /* Debug */,
				076D8821207C5DF000996E57 /* Release */,
			);
			defaultConfigurationIsVisible = 0;
			defaultConfigurationName = Release;
		};
		076D8822207C5DF000996E57 /* Build configuration list for PBXNativeTarget "MyFirestore" */ = {
			isa = XCConfigurationList;
			buildConfigurations = (
				076D8823207C5DF000996E57 /* Debug */,
				076D8824207C5DF000996E57 /* Release */,
			);
			defaultConfigurationIsVisible = 0;
			defaultConfigurationName = Release;
		};
/* End XCConfigurationList section */
	};
	rootObject = 076D8808207C5DF000996E57 /* Project object */;
}
